
Microsoft Visual Studio Solution File, Format Version 12.00
Project("{FAE04EC0-301F-11D3-BF4B-00C04F79EFBC}") = "MiladBass.Core", "MiladBass.Core\MiladBass.Core.csproj", "{BF05B144-8669-4AF0-9A65-C128E87EAB7F}"
EndProject
Global
	GlobalSection(SolutionConfigurationPlatforms) = preSolution
		Debug|Any CPU = Debug|Any CPU
		Release|Any CPU = Release|Any CPU
	EndGlobalSection
	GlobalSection(ProjectConfigurationPlatforms) = postSolution
		{BF05B144-8669-4AF0-9A65-C128E87EAB7F}.Debug|Any CPU.ActiveCfg = Debug|Any CPU
		{BF05B144-8669-4AF0-9A65-C128E87EAB7F}.Debug|Any CPU.Build.0 = Debug|Any CPU
		{BF05B144-8669-4AF0-9A65-C128E87EAB7F}.Release|Any CPU.ActiveCfg = Release|Any CPU
		{BF05B144-8669-4AF0-9A65-C128E87EAB7F}.Release|Any CPU.Build.0 = Release|Any CPU
	EndGlobalSection
EndGlobal
